
Microsoft Visual Studio Solution File, Format Version 12.00
# Visual Studio 2012
Project("{FAE04EC0-301F-11D3-BF4B-00C04F79EFBC}") = "Nancy.RazorValidationHelpers", "Nancy.RazorValidationHelpers\Nancy.RazorValidationHelpers.csproj", "{65D96986-E3A2-41D3-B242-DBD7B5E75AA4}"
EndProject
Global
	GlobalSection(SolutionConfigurationPlatforms) = preSolution
		Debug|Any CPU = Debug|Any CPU
		Release|Any CPU = Release|Any CPU
	EndGlobalSection
	GlobalSection(ProjectConfigurationPlatforms) = postSolution
		{65D96986-E3A2-41D3-B242-DBD7B5E75AA4}.Debug|Any CPU.ActiveCfg = Debug|Any CPU
		{65D96986-E3A2-41D3-B242-DBD7B5E75AA4}.Debug|Any CPU.Build.0 = Debug|Any CPU
		{65D96986-E3A2-41D3-B242-DBD7B5E75AA4}.Release|Any CPU.ActiveCfg = Release|Any CPU
		{65D96986-E3A2-41D3-B242-DBD7B5E75AA4}.Release|Any CPU.Build.0 = Release|Any CPU
	EndGlobalSection
	GlobalSection(SolutionProperties) = preSolution
		HideSolutionNode = FALSE
	EndGlobalSection
EndGlobal
